dependencies:
- name: redis
  repository: https://charts.bitnami.com/bitnami
  version: 18.19.4
- name: mariadb
  repository: https://charts.bitnami.com/bitnami
  version: 15.2.2
digest: sha256:10d18e22f101b6901b2ebd5d3d9032f08318f3842525583f66c7ccbbb5af5c93
generated: "2025-06-29T23:14:27.747846566+02:00"
